// !$*UTF8*$!
{
	archiveVersion = 1;
	classes = {
	};
	objectVersion = 51;
	objects = {

/* Begin PBXBuildFile section */
		10A35DA5260DBD8600305FA0 /* AppDelegate.swift in Sources */ = {isa = PBXBuildFile; fileRef = 10A35DA4260DBD8600305FA0 /* AppDelegate.swift */; };
		10A35DA7260DBD8600305FA0 /* SceneDelegate.swift in Sources */ = {isa = PBXBuildFile; fileRef = 10A35DA6260DBD8600305FA0 /* SceneDelegate.swift */; };
		10A35DA9260DBD8600305FA0 /* LoginViewController.swift in Sources */ = {isa = PBXBuildFile; fileRef = 10A35DA8260DBD8600305FA0 /* LoginViewController.swift */; };
		10A35DAC260DBD8600305FA0 /* Main.storyboard in Resources */ = {isa = PBXBuildFile; fileRef = 10A35DAA260DBD8600305FA0 /* Main.storyboard */; };
		10A35DAE260DBD8700305FA0 /* Assets.xcassets in Resources */ = {isa = PBXBuildFile; fileRef = 10A35DAD260DBD8700305FA0 /* Assets.xcassets */; };
		10A35DB1260DBD8700305FA0 /* LaunchScreen.storyboard in Resources */ = {isa = PBXBuildFile; fileRef = 10A35DAF260DBD8700305FA0 /* LaunchScreen.storyboard */; };
		10A35DBD260DBEB200305FA0 /* LoginModel.swift in Sources */ = {isa = PBXBuildFile; fileRef = 10A35DBC260DBEB200305FA0 /* LoginModel.swift */; };
		10A35DC2260DC47600305FA0 /* ValidationViewModel.swift in Sources */ = {isa = PBXBuildFile; fileRef = 10A35DC1260DC47600305FA0 /* ValidationViewModel.swift */; };
		10A35DEF260DC76600305FA0 /* PasswordTextFieldViewModel.swift in Sources */ = {isa = PBXBuildFile; fileRef = 10A35DEE260DC76600305FA0 /* PasswordTextFieldViewModel.swift */; };
		10A35DFD260DCC1400305FA0 /* EmailViewModel.swift in Sources */ = {isa = PBXBuildFile; fileRef = 10A35DFC260DCC1400305FA0 /* EmailViewModel.swift */; };
		10A35E01260DDC6100305FA0 /* LoginViewModel.swift in Sources */ = {isa = PBXBuildFile; fileRef = 10A35E00260DDC6100305FA0 /* LoginViewModel.swift */; };
		10A35E0C260DE33700305FA0 /* LoginService.swift in Sources */ = {isa = PBXBuildFile; fileRef = 10A35E0B260DE33700305FA0 /* LoginService.swift */; };
		10A35E11260DE62F00305FA0 /* Constants.swift in Sources */ = {isa = PBXBuildFile; fileRef = 10A35E10260DE62F00305FA0 /* Constants.swift */; };
		3CA551A7F449FE286C43F111 /* Pods_RxSwiftMVVM.framework in Frameworks */ = {isa = PBXBuildFile; fileRef = BA40629BC16F7BE70F43AC25 /* Pods_RxSwiftMVVM.framework */; };
/* End PBXBuildFile section */

/* Begin PBXFileReference section */
		10A35DA1260DBD8600305FA0 /* RxSwiftMVVM.app */ = {isa = PBXFileReference; explicitFileType = wrapper.application; includeInIndex = 0; path = RxSwiftMVVM.app; sourceTree = BUILT_PRODUCTS_DIR; };
		10A35DA4260DBD8600305FA0 /* AppDelegate.swift */ = {isa = PBXFileReference; lastKnownFileType = sourcecode.swift; path = AppDelegate.swift; sourceTree = "<group>"; };
		10A35DA6260DBD8600305FA0 /* SceneDelegate.swift */ = {isa = PBXFileReference; lastKnownFileType = sourcecode.swift; path = SceneDelegate.swift; sourceTree = "<group>"; };
		10A35DA8260DBD8600305FA0 /* LoginViewController.swift */ = {isa = PBXFileReference; lastKnownFileType = sourcecode.swift; path = LoginViewController.swift; sourceTree = "<group>"; };
		10A35DAB260DBD8600305FA0 /* Base */ = {isa = PBXFileReference; lastKnownFileType = file.storyboard; name = Base; path = Base.lproj/Main.storyboard; sourceTree = "<group>"; };
		10A35DAD260DBD8700305FA0 /* Assets.xcassets */ = {isa = PBXFileReference; lastKnownFileType = folder.assetcatalog; path = Assets.xcassets; sourceTree = "<group>"; };
		10A35DB0260DBD8700305FA0 /* Base */ = {isa = PBXFileReference; lastKnownFileType = file.storyboard; name = Base; path = Base.lproj/LaunchScreen.storyboard; sourceTree = "<group>"; };
		10A35DB2260DBD8700305FA0 /* Info.plist */ = {isa = PBXFileReference; lastKnownFileType = text.plist.xml; path = Info.plist; sourceTree = "<group>"; };
		10A35DBC260DBEB200305FA0 /* LoginModel.swift */ = {isa = PBXFileReference; lastKnownFileType = sourcecode.swift; path = LoginModel.swift; sourceTree = "<group>"; };
		10A35DC1260DC47600305FA0 /* ValidationViewModel.swift */ = {isa = PBXFileReference; lastKnownFileType = sourcecode.swift; path = ValidationViewModel.swift; sourceTree = "<group>"; };
		10A35DEE260DC76600305FA0 /* PasswordTextFieldViewModel.swift */ = {isa = PBXFileReference; lastKnownFileType = sourcecode.swift; path = PasswordTextFieldViewModel.swift; sourceTree = "<group>"; };
		10A35DFC260DCC1400305FA0 /* EmailViewModel.swift */ = {isa = PBXFileReference; lastKnownFileType = sourcecode.swift; path = EmailViewModel.swift; sourceTree = "<group>"; };
		10A35E00260DDC6100305FA0 /* LoginViewModel.swift */ = {isa = PBXFileReference; lastKnownFileType = sourcecode.swift; path = LoginViewModel.swift; sourceTree = "<group>"; };
		10A35E0B260DE33700305FA0 /* LoginService.swift */ = {isa = PBXFileReference; lastKnownFileType = sourcecode.swift; path = LoginService.swift; sourceTree = "<group>"; };
		10A35E10260DE62F00305FA0 /* Constants.swift */ = {isa = PBXFileReference; lastKnownFileType = sourcecode.swift; path = Constants.swift; sourceTree = "<group>"; };
		B00570027522882613D5FBA7 /* Pods-RxSwiftMVVM.release.xcconfig */ = {isa = PBXFileReference; includeInIndex = 1; lastKnownFileType = text.xcconfig; name = "Pods-RxSwiftMVVM.release.xcconfig"; path = "Target Support Files/Pods-RxSwiftMVVM/Pods-RxSwiftMVVM.release.xcconfig"; sourceTree = "<group>"; };
		BA40629BC16F7BE70F43AC25 /* Pods_RxSwiftMVVM.framework */ = {isa = PBXFileReference; explicitFileType = wrapper.framework; includeInIndex = 0; path = Pods_RxSwiftMVVM.framework; sourceTree = BUILT_PRODUCTS_DIR; };
		EA64F1849ADE9BAC4FD93B3A /* Pods-RxSwiftMVVM.debug.xcconfig */ = {isa = PBXFileReference; includeInIndex = 1; lastKnownFileType = text.xcconfig; name = "Pods-RxSwiftMVVM.debug.xcconfig"; path = "Target Support Files/Pods-RxSwiftMVVM/Pods-RxSwiftMVVM.debug.xcconfig"; sourceTree = "<group>"; };
/* End PBXFileReference section */

/* Begin PBXFrameworksBuildPhase section */
		10A35D9E260DBD8600305FA0 /* Frameworks */ = {
			isa = PBXFrameworksBuildPhase;
			buildActionMask = 2147483647;
			files = (
				3CA551A7F449FE286C43F111 /* Pods_RxSwiftMVVM.framework in Frameworks */,
			);
			runOnlyForDeploymentPostprocessing = 0;
		};
/* End PBXFrameworksBuildPhase section */

/* Begin PBXGroup section */
		10A35D98260DBD8600305FA0 = {
			isa = PBXGroup;
			children = (
				10A35DA3260DBD8600305FA0 /* RxSwiftMVVM */,
				10A35DA2260DBD8600305FA0 /* Products */,
				F2733D49619CC965B353A53D /* Pods */,
				70CD3171FCD14BD40EE8F349 /* Frameworks */,
			);
			sourceTree = "<group>";
		};
		10A35DA2260DBD8600305FA0 /* Products */ = {
			isa = PBXGroup;
			children = (
				10A35DA1260DBD8600305FA0 /* RxSwiftMVVM.app */,
			);
			name = Products;
			sourceTree = "<group>";
		};
		10A35DA3260DBD8600305FA0 /* RxSwiftMVVM */ = {
			isa = PBXGroup;
			children = (
				10A35E0F260DE62000305FA0 /* Constants */,
				10A35E0A260DE32300305FA0 /* WebService */,
				10A35DBF260DBF1F00305FA0 /* ViewModel */,
				10A35DBB260DBE5D00305FA0 /* Model */,
				10A35DA4260DBD8600305FA0 /* AppDelegate.swift */,
				10A35DA6260DBD8600305FA0 /* SceneDelegate.swift */,
				10A35DA8260DBD8600305FA0 /* LoginViewController.swift */,
				10A35DAA260DBD8600305FA0 /* Main.storyboard */,
				10A35DAD260DBD8700305FA0 /* Assets.xcassets */,
				10A35DAF260DBD8700305FA0 /* LaunchScreen.storyboard */,
				10A35DB2260DBD8700305FA0 /* Info.plist */,
			);
			path = RxSwiftMVVM;
			sourceTree = "<group>";
		};
		10A35DBB260DBE5D00305FA0 /* Model */ = {
			isa = PBXGroup;
			children = (
				10A35DBC260DBEB200305FA0 /* LoginModel.swift */,
			);
			path = Model;
			sourceTree = "<group>";
		};
		10A35DBF260DBF1F00305FA0 /* ViewModel */ = {
			isa = PBXGroup;
			children = (
				10A35DC1260DC47600305FA0 /* ValidationViewModel.swift */,
				10A35DFC260DCC1400305FA0 /* EmailViewModel.swift */,
				10A35DEE260DC76600305FA0 /* PasswordTextFieldViewModel.swift */,
				10A35E00260DDC6100305FA0 /* LoginViewModel.swift */,
			);
			path = ViewModel;
			sourceTree = "<group>";
		};
		10A35E0A260DE32300305FA0 /* WebService */ = {
			isa = PBXGroup;
			children = (
				10A35E0B260DE33700305FA0 /* LoginService.swift */,
			);
			path = WebService;
			sourceTree = "<group>";
		};
		10A35E0F260DE62000305FA0 /* Constants */ = {
			isa = PBXGroup;
			children = (
				10A35E10260DE62F00305FA0 /* Constants.swift */,
			);
			path = Constants;
			sourceTree = "<group>";
		};
		70CD3171FCD14BD40EE8F349 /* Frameworks */ = {
			isa = PBXGroup;
			children = (
				BA40629BC16F7BE70F43AC25 /* Pods_RxSwiftMVVM.framework */,
			);
			name = Frameworks;
			sourceTree = "<group>";
		};
		F2733D49619CC965B353A53D /* Pods */ = {
			isa = PBXGroup;
			children = (
				EA64F1849ADE9BAC4FD93B3A /* Pods-RxSwiftMVVM.debug.xcconfig */,
				B00570027522882613D5FBA7 /* Pods-RxSwiftMVVM.release.xcconfig */,
			);
			path = Pods;
			sourceTree = "<group>";
		};
/* End PBXGroup section */

/* Begin PBXNativeTarget section */
		10A35DA0260DBD8600305FA0 /* RxSwiftMVVM */ = {
			isa = PBXNativeTarget;
			buildConfigurationList = 10A35DB5260DBD8700305FA0 /* Build configuration list for PBXNativeTarget "RxSwiftMVVM" */;
			buildPhases = (
				5AA17055149C32040EEF5B08 /* [CP] Check Pods Manifest.lock */,
				10A35D9D260DBD8600305FA0 /* Sources */,
				10A35D9E260DBD8600305FA0 /* Frameworks */,
				10A35D9F260DBD8600305FA0 /* Resources */,
				C7F54F45443981E1FB242F7D /* [CP] Embed Pods Frameworks */,
			);
			buildRules = (
			);
			dependencies = (
			);
			name = RxSwiftMVVM;
			productName = RxSwiftMVVM;
			productReference = 10A35DA1260DBD8600305FA0 /* RxSwiftMVVM.app */;
			productType = "com.apple.product-type.application";
		};
/* End PBXNativeTarget section */

/* Begin PBXProject section */
		10A35D99260DBD8600305FA0 /* Project object */ = {
			isa = PBXProject;
			attributes = {
				LastSwiftUpdateCheck = 1240;
				LastUpgradeCheck = 1240;
				TargetAttributes = {
					10A35DA0260DBD8600305FA0 = {
						CreatedOnToolsVersion = 12.4;
					};
				};
			};
			buildConfigurationList = 10A35D9C260DBD8600305FA0 /* Build configuration list for PBXProject "RxSwiftMVVM" */;
			compatibilityVersion = "Xcode 9.3";
			developmentRegion = en;
			hasScannedForEncodings = 0;
			knownRegions = (
				en,
				Base,
			);
			mainGroup = 10A35D98260DBD8600305FA0;
			productRefGroup = 10A35DA2260DBD8600305FA0 /* Products */;
			projectDirPath = "";
			projectRoot = "";
			targets = (
				10A35DA0260DBD8600305FA0 /* RxSwiftMVVM */,
			);
		};
/* End PBXProject section */

/* Begin PBXResourcesBuildPhase section */
		10A35D9F260DBD8600305FA0 /* Resources */ = {
			isa = PBXResourcesBuildPhase;
			buildActionMask = 2147483647;
			files = (
				10A35DB1260DBD8700305FA0 /* LaunchScreen.storyboard in Resources */,
				10A35DAE260DBD8700305FA0 /* Assets.xcassets in Resources */,
				10A35DAC260DBD8600305FA0 /* Main.storyboard in Resources */,
			);
			runOnlyForDeploymentPostprocessing = 0;
		};
/* End PBXResourcesBuildPhase section */

/* Begin PBXShellScriptBuildPhase section */
		5AA17055149C32040EEF5B08 /* [CP] Check Pods Manifest.lock */ = {
			isa = PBXShellScriptBuildPhase;
			buildActionMask = 2147483647;
			files = (
			);
			inputFileListPaths = (
			);
			inputPaths = (
				"${PODS_PODFILE_DIR_PATH}/Podfile.lock",
				"${PODS_ROOT}/Manifest.lock",
			);
			name = "[CP] Check Pods Manifest.lock";
			outputFileListPaths = (
			);
			outputPaths = (
				"$(DERIVED_FILE_DIR)/Pods-RxSwiftMVVM-checkManifestLockResult.txt",
			);
			runOnlyForDeploymentPostprocessing = 0;
			shellPath = /bin/sh;
			shellScript = "diff \"${PODS_PODFILE_DIR_PATH}/Podfile.lock\" \"${PODS_ROOT}/Manifest.lock\" > /dev/null\nif [ $? != 0 ] ; then\n    # print error to STDERR\n    echo \"error: The sandbox is not in sync with the Podfile.lock. Run 'pod install' or update your CocoaPods installation.\" >&2\n    exit 1\nfi\n# This output is used by Xcode 'outputs' to avoid re-running this script phase.\necho \"SUCCESS\" > \"${SCRIPT_OUTPUT_FILE_0}\"\n";
			showEnvVarsInLog = 0;
		};
		C7F54F45443981E1FB242F7D /* [CP] Embed Pods Frameworks */ = {
			isa = PBXShellScriptBuildPhase;
			buildActionMask = 2147483647;
			files = (
			);
			inputFileListPaths = (
				"${PODS_ROOT}/Target Support Files/Pods-RxSwiftMVVM/Pods-RxSwiftMVVM-frameworks-${CONFIGURATION}-input-files.xcfilelist",
			);
			name = "[CP] Embed Pods Frameworks";
			outputFileListPaths = (
				"${PODS_ROOT}/Target Support Files/Pods-RxSwiftMVVM/Pods-RxSwiftMVVM-frameworks-${CONFIGURATION}-output-files.xcfilelist",
			);
			runOnlyForDeploymentPostprocessing = 0;
			shellPath = /bin/sh;
			shellScript = "\"${PODS_ROOT}/Target Support Files/Pods-RxSwiftMVVM/Pods-RxSwiftMVVM-frameworks.sh\"\n";
			showEnvVarsInLog = 0;
		};
/* End PBXShellScriptBuildPhase section */

/* Begin PBXSourcesBuildPhase section */
		10A35D9D260DBD8600305FA0 /* Sources */ = {
			isa = PBXSourcesBuildPhase;
			buildActionMask = 2147483647;
			files = (
				10A35DEF260DC76600305FA0 /* PasswordTextFieldViewModel.swift in Sources */,
				10A35DA9260DBD8600305FA0 /* LoginViewController.swift in Sources */,
				10A35DFD260DCC1400305FA0 /* EmailViewModel.swift in Sources */,
				10A35DBD260DBEB200305FA0 /* LoginModel.swift in Sources */,
				10A35E0C260DE33700305FA0 /* LoginService.swift in Sources */,
				10A35E11260DE62F00305FA0 /* Constants.swift in Sources */,
				10A35E01260DDC6100305FA0 /* LoginViewModel.swift in Sources */,
				10A35DA5260DBD8600305FA0 /* AppDelegate.swift in Sources */,
				10A35DC2260DC47600305FA0 /* ValidationViewModel.swift in Sources */,
				10A35DA7260DBD8600305FA0 /* SceneDelegate.swift in Sources */,
			);
			runOnlyForDeploymentPostprocessing = 0;
		};
/* End PBXSourcesBuildPhase section */

/* Begin PBXVariantGroup section */
		10A35DAA260DBD8600305FA0 /* Main.storyboard */ = {
			isa = PBXVariantGroup;
			children = (
				10A35DAB260DBD8600305FA0 /* Base */,
			);
			name = Main.storyboard;
			sourceTree = "<group>";
		};
		10A35DAF260DBD8700305FA0 /* LaunchScreen.storyboard */ = {
			isa = PBXVariantGroup;
			children = (
				10A35DB0260DBD8700305FA0 /* Base */,
			);
			name = LaunchScreen.storyboard;
			sourceTree = "<group>";
		};
/* End PBXVariantGroup section */

/* Begin XCBuildConfiguration section */
		10A35DB3260DBD8700305FA0 /* Debug */ = {
			isa = XCBuildConfiguration;
			buildSettings = {
				ALWAYS_SEARCH_USER_PATHS = NO;
				CLANG_ANALYZER_NONNULL = YES;
				CLANG_ANALYZER_NUMBER_OBJECT_CONVERSION = YES_AGGRESSIVE;
				CLANG_CXX_LANGUAGE_STANDARD = "gnu++14";
				CLANG_CXX_LIBRARY = "libc++";
				CLANG_ENABLE_MODULES = YES;
				CLANG_ENABLE_OBJC_ARC = YES;
				CLANG_ENABLE_OBJC_WEAK = YES;
				CLANG_WARN_BLOCK_CAPTURE_AUTORELEASING = YES;
				CLANG_WARN_BOOL_CONVERSION = YES;
				CLANG_WARN_COMMA = YES;
				CLANG_WARN_CONSTANT_CONVERSION = YES;
				CLANG_WARN_DEPRECATED_OBJC_IMPLEMENTATIONS = YES;
				CLANG_WARN_DIRECT_OBJC_ISA_USAGE = YES_ERROR;
				CLANG_WARN_DOCUMENTATION_COMMENTS = YES;
				CLANG_WARN_EMPTY_BODY = YES;
				CLANG_WARN_ENUM_CONVERSION = YES;
				CLANG_WARN_INFINITE_RECURSION = YES;
				CLANG_WARN_INT_CONVERSION = YES;
				CLANG_WARN_NON_LITERAL_NULL_CONVERSION = YES;
				CLANG_WARN_OBJC_IMPLICIT_RETAIN_SELF = YES;
				CLANG_WARN_OBJC_LITERAL_CONVERSION = YES;
				CLANG_WARN_OBJC_ROOT_CLASS = YES_ERROR;
				CLANG_WARN_QUOTED_INCLUDE_IN_FRAMEWORK_HEADER = YES;
				CLANG_WARN_RANGE_LOOP_ANALYSIS = YES;
				CLANG_WARN_STRICT_PROTOTYPES = YES;
				CLANG_WARN_SUSPICIOUS_MOVE = YES;
				CLANG_WARN_UNGUARDED_AVAILABILITY = YES_AGGRESSIVE;
				CLANG_WARN_UNREACHABLE_CODE = YES;
				CLANG_WARN__DUPLICATE_METHOD_MATCH = YES;
				COPY_PHASE_STRIP = NO;
				DEBUG_INFORMATION_FORMAT = dwarf;
				ENABLE_STRICT_OBJC_MSGSEND = YES;
				ENABLE_TESTABILITY = YES;
				GCC_C_LANGUAGE_STANDARD = gnu11;
				GCC_DYNAMIC_NO_PIC = NO;
				GCC_NO_COMMON_BLOCKS = YES;
				GCC_OPTIMIZATION_LEVEL = 0;
				GCC_PREPROCESSOR_DEFINITIONS = (
					"DEBUG=1",
					"$(inherited)",
				);
				GCC_WARN_64_TO_32_BIT_CONVERSION = YES;
				GCC_WARN_ABOUT_RETURN_TYPE = YES_ERROR;
				GCC_WARN_UNDECLARED_SELECTOR = YES;
				GCC_WARN_UNINITIALIZED_AUTOS = YES_AGGRESSIVE;
				GCC_WARN_UNUSED_FUNCTION = YES;
				GCC_WARN_UNUSED_VARIABLE = YES;
				IPHONEOS_DEPLOYMENT_TARGET = 14.4;
				MTL_ENABLE_DEBUG_INFO = INCLUDE_SOURCE;
				MTL_FAST_MATH = YES;
				ONLY_ACTIVE_ARCH = YES;
				SDKROOT = iphoneos;
				SWIFT_ACTIVE_COMPILATION_CONDITIONS = DEBUG;
				SWIFT_OPTIMIZATION_LEVEL = "-Onone";
			};
			name = Debug;
		};
		10A35DB4260DBD8700305FA0 /* Release */ = {
			isa = XCBuildConfiguration;
			buildSettings = {
				ALWAYS_SEARCH_USER_PATHS = NO;
				CLANG_ANALYZER_NONNULL = YES;
				CLANG_ANALYZER_NUMBER_OBJECT_CONVERSION = YES_AGGRESSIVE;
				CLANG_CXX_LANGUAGE_STANDARD = "gnu++14";
				CLANG_CXX_LIBRARY = "libc++";
				CLANG_ENABLE_MODULES = YES;
				CLANG_ENABLE_OBJC_ARC = YES;
				CLANG_ENABLE_OBJC_WEAK = YES;
				CLANG_WARN_BLOCK_CAPTURE_AUTORELEASING = YES;
				CLANG_WARN_BOOL_CONVERSION = YES;
				CLANG_WARN_COMMA = YES;
				CLANG_WARN_CONSTANT_CONVERSION = YES;
				CLANG_WARN_DEPRECATED_OBJC_IMPLEMENTATIONS = YES;
				CLANG_WARN_DIRECT_OBJC_ISA_USAGE = YES_ERROR;
				CLANG_WARN_DOCUMENTATION_COMMENTS = YES;
				CLANG_WARN_EMPTY_BODY = YES;
				CLANG_WARN_ENUM_CONVERSION = YES;
				CLANG_WARN_INFINITE_RECURSION = YES;
				CLANG_WARN_INT_CONVERSION = YES;
				CLANG_WARN_NON_LITERAL_NULL_CONVERSION = YES;
				CLANG_WARN_OBJC_IMPLICIT_RETAIN_SELF = YES;
				CLANG_WARN_OBJC_LITERAL_CONVERSION = YES;
				CLANG_WARN_OBJC_ROOT_CLASS = YES_ERROR;
				CLANG_WARN_QUOTED_INCLUDE_IN_FRAMEWORK_HEADER = YES;
				CLANG_WARN_RANGE_LOOP_ANALYSIS = YES;
				CLANG_WARN_STRICT_PROTOTYPES = YES;
				CLANG_WARN_SUSPICIOUS_MOVE = YES;
				CLANG_WARN_UNGUARDED_AVAILABILITY = YES_AGGRESSIVE;
				CLANG_WARN_UNREACHABLE_CODE = YES;
				CLANG_WARN__DUPLICATE_METHOD_MATCH = YES;
				COPY_PHASE_STRIP = NO;
				DEBUG_INFORMATION_FORMAT = "dwarf-with-dsym";
				ENABLE_NS_ASSERTIONS = NO;
				ENABLE_STRICT_OBJC_MSGSEND = YES;
				GCC_C_LANGUAGE_STANDARD = gnu11;
				GCC_NO_COMMON_BLOCKS = YES;
				GCC_WARN_64_TO_32_BIT_CONVERSION = YES;
				GCC_WARN_ABOUT_RETURN_TYPE = YES_ERROR;
				GCC_WARN_UNDECLARED_SELECTOR = YES;
				GCC_WARN_UNINITIALIZED_AUTOS = YES_AGGRESSIVE;
				GCC_WARN_UNUSED_FUNCTION = YES;
				GCC_WARN_UNUSED_VARIABLE = YES;
				IPHONEOS_DEPLOYMENT_TARGET = 14.4;
				MTL_ENABLE_DEBUG_INFO = NO;
				MTL_FAST_MATH = YES;
				SDKROOT = iphoneos;
				SWIFT_COMPILATION_MODE = wholemodule;
				SWIFT_OPTIMIZATION_LEVEL = "-O";
				VALIDATE_PRODUCT = YES;
			};
			name = Release;
		};
		10A35DB6260DBD8700305FA0 /* Debug */ = {
			isa = XCBuildConfiguration;
			baseConfigurationReference = EA64F1849ADE9BAC4FD93B3A /* Pods-RxSwiftMVVM.debug.xcconfig */;
			buildSettings = {
				ASSETCATALOG_COMPILER_APPICON_NAME = AppIcon;
				ASSETCATALOG_COMPILER_GLOBAL_ACCENT_COLOR_NAME = AccentColor;
				CODE_SIGN_STYLE = Automatic;
				DEVELOPMENT_TEAM = C6236H47K4;
				INFOPLIST_FILE = RxSwiftMVVM/Info.plist;
				LD_RUNPATH_SEARCH_PATHS = (
					"$(inherited)",
					"@executable_path/Frameworks",
				);
				PRODUCT_BUNDLE_IDENTIFIER = com.agicent.RxSwiftMVVM;
				PRODUCT_NAME = "$(TARGET_NAME)";
				SWIFT_VERSION = 5.0;
				TARGETED_DEVICE_FAMILY = 1;
			};
			name = Debug;
		};
		10A35DB7260DBD8700305FA0 /* Release */ = {
			isa = XCBuildConfiguration;
			baseConfigurationReference = B00570027522882613D5FBA7 /* Pods-RxSwiftMVVM.release.xcconfig */;
			buildSettings = {
				ASSETCATALOG_COMPILER_APPICON_NAME = AppIcon;
				ASSETCATALOG_COMPILER_GLOBAL_ACCENT_COLOR_NAME = AccentColor;
				CODE_SIGN_STYLE = Automatic;
				DEVELOPMENT_TEAM = C6236H47K4;
				INFOPLIST_FILE = RxSwiftMVVM/Info.plist;
				LD_RUNPATH_SEARCH_PATHS = (
					"$(inherited)",
					"@executable_path/Frameworks",
				);
				PRODUCT_BUNDLE_IDENTIFIER = com.agicent.RxSwiftMVVM;
				PRODUCT_NAME = "$(TARGET_NAME)";
				SWIFT_VERSION = 5.0;
				TARGETED_DEVICE_FAMILY = 1;
			};
			name = Release;
		};
/* End XCBuildConfiguration section */

/* Begin XCConfigurationList section */
		10A35D9C260DBD8600305FA0 /* Build configuration list for PBXProject "RxSwiftMVVM" */ = {
			isa = XCConfigurationList;
			buildConfigurations = (
				10A35DB3260DBD8700305FA0 /* Debug */,
				10A35DB4260DBD8700305FA0 /* Release */,
			);
			defaultConfigurationIsVisible = 0;
			defaultConfigurationName = Release;
		};
		10A35DB5260DBD8700305FA0 /* Build configuration list for PBXNativeTarget "RxSwiftMVVM" */ = {
			isa = XCConfigurationList;
			buildConfigurations = (
				10A35DB6260DBD8700305FA0 /* Debug */,
				10A35DB7260DBD8700305FA0 /* Release */,
			);
			defaultConfigurationIsVisible = 0;
			defaultConfigurationName = Release;
		};
/* End XCConfigurationList section */
	};
	rootObject = 10A35D99260DBD8600305FA0 /* Project object */;
}
